
Microsoft Visual Studio Solution File, Format Version 12.00
# Visual Studio Version 16
VisualStudioVersion = 16.0.31205.134
MinimumVisualStudioVersion = 10.0.40219.1
Project("{8BC9CEB8-8B4A-11D0-8D11-00A0C91BC942}") = "QtWidgetsApplication1", "QtWidgetsApplication1\QtWidgetsApplication1.vcxproj", "{8197003C-70C0-4BEF-ADF1-E323D413CDD5}"
EndProject
Global
	GlobalSection(SolutionConfigurationPlatforms) = preSolution
		Debug|x64 = Debug|x64
		Release|x64 = Release|x64
	EndGlobalSection
	GlobalSection(ProjectConfigurationPlatforms) = postSolution
		{8197003C-70C0-4BEF-ADF1-E323D413CDD5}.Debug|x64.ActiveCfg = Debug|x64
		{8197003C-70C0-4BEF-ADF1-E323D413CDD5}.Debug|x64.Build.0 = Debug|x64
		{8197003C-70C0-4BEF-ADF1-E323D413CDD5}.Release|x64.ActiveCfg = Release|x64
		{8197003C-70C0-4BEF-ADF1-E323D413CDD5}.Release|x64.Build.0 = Release|x64
	EndGlobalSection
	GlobalSection(SolutionProperties) = preSolution
		HideSolutionNode = FALSE
	EndGlobalSection
	GlobalSection(ExtensibilityGlobals) = postSolution
		SolutionGuid = {811A213E-EB35-49E6-A0B4-97F9F76479F2}
	EndGlobalSection
EndGlobal
